
Microsoft Visual Studio Solution File, Format Version 12.00
# Visual Studio Version 17
VisualStudioVersion = 17.6.33723.286
MinimumVisualStudioVersion = 10.0.40219.1
Project("{FAE04EC0-301F-11D3-BF4B-00C04F79EFBC}") = "CSharpRampUp", "CSharpRampUp\CSharpRampUp.csproj", "{71EDDF62-C980-404D-9A98-CD9FD8655A4E}"
EndProject
Global
	GlobalSection(SolutionConfigurationPlatforms) = preSolution
		Debug|Any CPU = Debug|Any CPU
		Release|Any CPU = Release|Any CPU
	EndGlobalSection
	GlobalSection(ProjectConfigurationPlatforms) = postSolution
		{71EDDF62-C980-404D-9A98-CD9FD8655A4E}.Debug|Any CPU.ActiveCfg = Debug|Any CPU
		{71EDDF62-C980-404D-9A98-CD9FD8655A4E}.Debug|Any CPU.Build.0 = Debug|Any CPU
		{71EDDF62-C980-404D-9A98-CD9FD8655A4E}.Release|Any CPU.ActiveCfg = Release|Any CPU
		{71EDDF62-C980-404D-9A98-CD9FD8655A4E}.Release|Any CPU.Build.0 = Release|Any CPU
	EndGlobalSection
	GlobalSection(SolutionProperties) = preSolution
		HideSolutionNode = FALSE
	EndGlobalSection
	GlobalSection(ExtensibilityGlobals) = postSolution
		SolutionGuid = {2BD9E920-5ECD-4E9D-B989-A55FFAEC887D}
	EndGlobalSection
EndGlobal
